
Microsoft Visual Studio Solution File, Format Version 12.00
# Visual Studio Version 17
VisualStudioVersion = 17.14.36212.18
MinimumVisualStudioVersion = 10.0.40219.1
Project("{FAE04EC0-301F-11D3-BF4B-00C04F79EFBC}") = "shooter", "shooter\shooter.csproj", "{B337BD0A-4781-4F95-83D0-3603D0BA65A8}"
EndProject
Global
	GlobalSection(SolutionConfigurationPlatforms) = preSolution
		Debug|Any CPU = Debug|Any CPU
		Release|Any CPU = Release|Any CPU
	EndGlobalSection
	GlobalSection(ProjectConfigurationPlatforms) = postSolution
		{B337BD0A-4781-4F95-83D0-3603D0BA65A8}.Debug|Any CPU.ActiveCfg = Debug|Any CPU
		{B337BD0A-4781-4F95-83D0-3603D0BA65A8}.Debug|Any CPU.Build.0 = Debug|Any CPU
		{B337BD0A-4781-4F95-83D0-3603D0BA65A8}.Release|Any CPU.ActiveCfg = Release|Any CPU
		{B337BD0A-4781-4F95-83D0-3603D0BA65A8}.Release|Any CPU.Build.0 = Release|Any CPU
	EndGlobalSection
	GlobalSection(SolutionProperties) = preSolution
		HideSolutionNode = FALSE
	EndGlobalSection
	GlobalSection(ExtensibilityGlobals) = postSolution
		SolutionGuid = {62068C47-DDF6-4C8E-85AD-DD5030A5F8EC}
	EndGlobalSection
EndGlobal
